
Microsoft Visual Studio Solution File, Format Version 12.00
# Visual Studio 15
VisualStudioVersion = 15.0.26124.0
MinimumVisualStudioVersion = 15.0.26124.0
Project("{2150E333-8FDC-42A3-9474-1A3956D46DE8}") = "Metigator.Api", "Metigator.Api", "{DCDC6796-13D0-4179-A020-2974B71B9836}"
EndProject
Project("{2150E333-8FDC-42A3-9474-1A3956D46DE8}") = "src", "src", "{4ADFCA01-32A1-40D3-A8DF-3C2A8ED5ECB5}"
EndProject
Project("{FAE04EC0-301F-11D3-BF4B-00C04F79EFBC}") = "Metigator.Api", "Metigator.Api\src\Metigator.Api\Metigator.Api.csproj", "{1A2E9916-1AC7-4E69-9F80-5FFBCB646260}"
EndProject
Project("{2150E333-8FDC-42A3-9474-1A3956D46DE8}") = "Metigator.Services.Tickets", "Metigator.Services.Tickets", "{7B9903E6-BB37-49E9-855E-0D86971961EE}"
EndProject
Project("{2150E333-8FDC-42A3-9474-1A3956D46DE8}") = "src", "src", "{7B95D128-7A86-4AA1-BF71-31796813A2AF}"
EndProject
Project("{FAE04EC0-301F-11D3-BF4B-00C04F79EFBC}") = "Metigator.Services.Tickets", "Metigator.Services.Tickets\src\Metigator.Services.Tickets\Metigator.Services.Tickets.csproj", "{A89B0C18-3CAE-4AE6-A419-8FE575833D98}"
EndProject
Project("{2150E333-8FDC-42A3-9474-1A3956D46DE8}") = "Metigator.Services.Customers", "Metigator.Services.Customers", "{FF2CF77B-059C-485F-A570-29C2D08E2A73}"
EndProject
Project("{2150E333-8FDC-42A3-9474-1A3956D46DE8}") = "src", "src", "{04E1593E-380E-4C33-827A-6FF5CB53DE78}"
EndProject
Project("{FAE04EC0-301F-11D3-BF4B-00C04F79EFBC}") = "Metigator.Services.Customers", "Metigator.Services.Customers\src\Metigator.Services.Customers\Metigator.Services.Customers.csproj", "{5D556D4B-988B-48CD-8BF9-A40CA9D08B53}"
EndProject
Project("{2150E333-8FDC-42A3-9474-1A3956D46DE8}") = "Metigator.Services.Appointments", "Metigator.Services.Appointments", "{EC25999C-0238-4291-A2B1-5639F916E0ED}"
EndProject
Project("{2150E333-8FDC-42A3-9474-1A3956D46DE8}") = "src", "src", "{E22B9E57-C4C8-424B-BDB7-5036EB03778D}"
EndProject
Project("{FAE04EC0-301F-11D3-BF4B-00C04F79EFBC}") = "Metigator.Services.Appointments", "Metigator.Services.Appointments\src\Metigator.Services.Appointments\Metigator.Services.Appointments.csproj", "{1C13F4D7-E3F1-450F-8C8B-8C335E079DFA}"
EndProject
Project("{2150E333-8FDC-42A3-9474-1A3956D46DE8}") = "Metigator.Infrastructure", "Metigator.Infrastructure", "{D86F29E2-3D98-40B8-9CB2-9E1FB74C681E}"
EndProject
Project("{2150E333-8FDC-42A3-9474-1A3956D46DE8}") = "src", "src", "{D80376E1-6E15-4473-82A6-3CB2277A0A06}"
EndProject
Project("{FAE04EC0-301F-11D3-BF4B-00C04F79EFBC}") = "Metigator.Infrastructure", "Metigator.Infrastructure\src\Metigator.Infrastructure\Metigator.Infrastructure.csproj", "{5D61FCF4-38EA-4A87-9ED0-3364B8C46A82}"
EndProject
Project("{2150E333-8FDC-42A3-9474-1A3956D46DE8}") = "Metigator.Services.Identity", "Metigator.Services.Identity", "{48B6BE1C-E317-4E08-8C02-0129BFBFF031}"
EndProject
Project("{2150E333-8FDC-42A3-9474-1A3956D46DE8}") = "src", "src", "{60C34A1A-45C9-4C82-AA62-E5D94E07F1FE}"
EndProject
Project("{FAE04EC0-301F-11D3-BF4B-00C04F79EFBC}") = "Metigator.Services.Identity", "Metigator.Services.Identity\src\Metigator.Services.Identity\Metigator.Services.Identity.csproj", "{7A4541B6-DD68-449D-9614-A124BAB9F8C2}"
EndProject
Project("{2150E333-8FDC-42A3-9474-1A3956D46DE8}") = "Metigator.Services.Payments", "Metigator.Services.Payments", "{12549AE8-B10F-4959-8972-2748D4879E6C}"
EndProject
Project("{2150E333-8FDC-42A3-9474-1A3956D46DE8}") = "src", "src", "{FEC3D552-130F-4BF3-90BD-3350B78E50C6}"
EndProject
Project("{FAE04EC0-301F-11D3-BF4B-00C04F79EFBC}") = "Metigator.Services.Payments", "Metigator.Services.Payments\src\Metigator.Services.Payments\Metigator.Services.Payments.csproj", "{8B673815-18B4-4E4A-9F53-A642FAF02836}"
EndProject
Project("{2150E333-8FDC-42A3-9474-1A3956D46DE8}") = "Metigator.Services.Clients", "Metigator.Services.Clients", "{0136F8F8-65E2-477E-8F4D-94510DCDFD26}"
EndProject
Project("{2150E333-8FDC-42A3-9474-1A3956D46DE8}") = "src", "src", "{D40CF09E-CB22-4424-A585-16BBEF2BE0D7}"
EndProject
Project("{FAE04EC0-301F-11D3-BF4B-00C04F79EFBC}") = "Metigator.Services.Clients", "Metigator.Services.Clients\src\Metigator.Services.Clients\Metigator.Services.Clients.csproj", "{733A0CDC-1289-4BF0-A7B2-83993DA5D297}"
EndProject
Project("{2150E333-8FDC-42A3-9474-1A3956D46DE8}") = "Metigator.Services.Permissions", "Metigator.Services.Permissions", "{A62D5150-834E-4B25-879B-08214406748E}"
EndProject
Project("{2150E333-8FDC-42A3-9474-1A3956D46DE8}") = "src", "src", "{45D07E59-F3AB-49B0-8831-63C8AFFFC4F9}"
EndProject
Project("{FAE04EC0-301F-11D3-BF4B-00C04F79EFBC}") = "Metigator.Services.Permissions", "Metigator.Services.Permissions\src\Metigator.Services.Permissions\Metigator.Services.Permissions.csproj", "{D130483F-6858-401E-ABD4-58CCC0159617}"
EndProject
Global
	GlobalSection(SolutionConfigurationPlatforms) = preSolution
		Debug|Any CPU = Debug|Any CPU
		Debug|x64 = Debug|x64
		Debug|x86 = Debug|x86
		Release|Any CPU = Release|Any CPU
		Release|x64 = Release|x64
		Release|x86 = Release|x86
	EndGlobalSection
	GlobalSection(SolutionProperties) = preSolution
		HideSolutionNode = FALSE
	EndGlobalSection
	GlobalSection(ProjectConfigurationPlatforms) = postSolution
		{1A2E9916-1AC7-4E69-9F80-5FFBCB646260}.Debug|Any CPU.ActiveCfg = Debug|Any CPU
		{1A2E9916-1AC7-4E69-9F80-5FFBCB646260}.Debug|Any CPU.Build.0 = Debug|Any CPU
		{1A2E9916-1AC7-4E69-9F80-5FFBCB646260}.Debug|x64.ActiveCfg = Debug|Any CPU
		{1A2E9916-1AC7-4E69-9F80-5FFBCB646260}.Debug|x64.Build.0 = Debug|Any CPU
		{1A2E9916-1AC7-4E69-9F80-5FFBCB646260}.Debug|x86.ActiveCfg = Debug|Any CPU
		{1A2E9916-1AC7-4E69-9F80-5FFBCB646260}.Debug|x86.Build.0 = Debug|Any CPU
		{1A2E9916-1AC7-4E69-9F80-5FFBCB646260}.Release|Any CPU.ActiveCfg = Release|Any CPU
		{1A2E9916-1AC7-4E69-9F80-5FFBCB646260}.Release|Any CPU.Build.0 = Release|Any CPU
		{1A2E9916-1AC7-4E69-9F80-5FFBCB646260}.Release|x64.ActiveCfg = Release|Any CPU
		{1A2E9916-1AC7-4E69-9F80-5FFBCB646260}.Release|x64.Build.0 = Release|Any CPU
		{1A2E9916-1AC7-4E69-9F80-5FFBCB646260}.Release|x86.ActiveCfg = Release|Any CPU
		{1A2E9916-1AC7-4E69-9F80-5FFBCB646260}.Release|x86.Build.0 = Release|Any CPU
		{A89B0C18-3CAE-4AE6-A419-8FE575833D98}.Debug|Any CPU.ActiveCfg = Debug|Any CPU
		{A89B0C18-3CAE-4AE6-A419-8FE575833D98}.Debug|Any CPU.Build.0 = Debug|Any CPU
		{A89B0C18-3CAE-4AE6-A419-8FE575833D98}.Debug|x64.ActiveCfg = Debug|Any CPU
		{A89B0C18-3CAE-4AE6-A419-8FE575833D98}.Debug|x64.Build.0 = Debug|Any CPU
		{A89B0C18-3CAE-4AE6-A419-8FE575833D98}.Debug|x86.ActiveCfg = Debug|Any CPU
		{A89B0C18-3CAE-4AE6-A419-8FE575833D98}.Debug|x86.Build.0 = Debug|Any CPU
		{A89B0C18-3CAE-4AE6-A419-8FE575833D98}.Release|Any CPU.ActiveCfg = Release|Any CPU
		{A89B0C18-3CAE-4AE6-A419-8FE575833D98}.Release|Any CPU.Build.0 = Release|Any CPU
		{A89B0C18-3CAE-4AE6-A419-8FE575833D98}.Release|x64.ActiveCfg = Release|Any CPU
		{A89B0C18-3CAE-4AE6-A419-8FE575833D98}.Release|x64.Build.0 = Release|Any CPU
		{A89B0C18-3CAE-4AE6-A419-8FE575833D98}.Release|x86.ActiveCfg = Release|Any CPU
		{A89B0C18-3CAE-4AE6-A419-8FE575833D98}.Release|x86.Build.0 = Release|Any CPU
		{5D556D4B-988B-48CD-8BF9-A40CA9D08B53}.Debug|Any CPU.ActiveCfg = Debug|Any CPU
		{5D556D4B-988B-48CD-8BF9-A40CA9D08B53}.Debug|Any CPU.Build.0 = Debug|Any CPU
		{5D556D4B-988B-48CD-8BF9-A40CA9D08B53}.Debug|x64.ActiveCfg = Debug|Any CPU
		{5D556D4B-988B-48CD-8BF9-A40CA9D08B53}.Debug|x64.Build.0 = Debug|Any CPU
		{5D556D4B-988B-48CD-8BF9-A40CA9D08B53}.Debug|x86.ActiveCfg = Debug|Any CPU
		{5D556D4B-988B-48CD-8BF9-A40CA9D08B53}.Debug|x86.Build.0 = Debug|Any CPU
		{5D556D4B-988B-48CD-8BF9-A40CA9D08B53}.Release|Any CPU.ActiveCfg = Release|Any CPU
		{5D556D4B-988B-48CD-8BF9-A40CA9D08B53}.Release|Any CPU.Build.0 = Release|Any CPU
		{5D556D4B-988B-48CD-8BF9-A40CA9D08B53}.Release|x64.ActiveCfg = Release|Any CPU
		{5D556D4B-988B-48CD-8BF9-A40CA9D08B53}.Release|x64.Build.0 = Release|Any CPU
		{5D556D4B-988B-48CD-8BF9-A40CA9D08B53}.Release|x86.ActiveCfg = Release|Any CPU
		{5D556D4B-988B-48CD-8BF9-A40CA9D08B53}.Release|x86.Build.0 = Release|Any CPU
		{1C13F4D7-E3F1-450F-8C8B-8C335E079DFA}.Debug|Any CPU.ActiveCfg = Debug|Any CPU
		{1C13F4D7-E3F1-450F-8C8B-8C335E079DFA}.Debug|Any CPU.Build.0 = Debug|Any CPU
		{1C13F4D7-E3F1-450F-8C8B-8C335E079DFA}.Debug|x64.ActiveCfg = Debug|Any CPU
		{1C13F4D7-E3F1-450F-8C8B-8C335E079DFA}.Debug|x64.Build.0 = Debug|Any CPU
		{1C13F4D7-E3F1-450F-8C8B-8C335E079DFA}.Debug|x86.ActiveCfg = Debug|Any CPU
		{1C13F4D7-E3F1-450F-8C8B-8C335E079DFA}.Debug|x86.Build.0 = Debug|Any CPU
		{1C13F4D7-E3F1-450F-8C8B-8C335E079DFA}.Release|Any CPU.ActiveCfg = Release|Any CPU
		{1C13F4D7-E3F1-450F-8C8B-8C335E079DFA}.Release|Any CPU.Build.0 = Release|Any CPU
		{1C13F4D7-E3F1-450F-8C8B-8C335E079DFA}.Release|x64.ActiveCfg = Release|Any CPU
		{1C13F4D7-E3F1-450F-8C8B-8C335E079DFA}.Release|x64.Build.0 = Release|Any CPU
		{1C13F4D7-E3F1-450F-8C8B-8C335E079DFA}.Release|x86.ActiveCfg = Release|Any CPU
		{1C13F4D7-E3F1-450F-8C8B-8C335E079DFA}.Release|x86.Build.0 = Release|Any CPU
		{5D61FCF4-38EA-4A87-9ED0-3364B8C46A82}.Debug|Any CPU.ActiveCfg = Debug|Any CPU
		{5D61FCF4-38EA-4A87-9ED0-3364B8C46A82}.Debug|Any CPU.Build.0 = Debug|Any CPU
		{5D61FCF4-38EA-4A87-9ED0-3364B8C46A82}.Debug|x64.ActiveCfg = Debug|Any CPU
		{5D61FCF4-38EA-4A87-9ED0-3364B8C46A82}.Debug|x64.Build.0 = Debug|Any CPU
		{5D61FCF4-38EA-4A87-9ED0-3364B8C46A82}.Debug|x86.ActiveCfg = Debug|Any CPU
		{5D61FCF4-38EA-4A87-9ED0-3364B8C46A82}.Debug|x86.Build.0 = Debug|Any CPU
		{5D61FCF4-38EA-4A87-9ED0-3364B8C46A82}.Release|Any CPU.ActiveCfg = Release|Any CPU
		{5D61FCF4-38EA-4A87-9ED0-3364B8C46A82}.Release|Any CPU.Build.0 = Release|Any CPU
		{5D61FCF4-38EA-4A87-9ED0-3364B8C46A82}.Release|x64.ActiveCfg = Release|Any CPU
		{5D61FCF4-38EA-4A87-9ED0-3364B8C46A82}.Release|x64.Build.0 = Release|Any CPU
		{5D61FCF4-38EA-4A87-9ED0-3364B8C46A82}.Release|x86.ActiveCfg = Release|Any CPU
		{5D61FCF4-38EA-4A87-9ED0-3364B8C46A82}.Release|x86.Build.0 = Release|Any CPU
		{7A4541B6-DD68-449D-9614-A124BAB9F8C2}.Debug|Any CPU.ActiveCfg = Debug|Any CPU
		{7A4541B6-DD68-449D-9614-A124BAB9F8C2}.Debug|Any CPU.Build.0 = Debug|Any CPU
		{7A4541B6-DD68-449D-9614-A124BAB9F8C2}.Debug|x64.ActiveCfg = Debug|Any CPU
		{7A4541B6-DD68-449D-9614-A124BAB9F8C2}.Debug|x64.Build.0 = Debug|Any CPU
		{7A4541B6-DD68-449D-9614-A124BAB9F8C2}.Debug|x86.ActiveCfg = Debug|Any CPU
		{7A4541B6-DD68-449D-9614-A124BAB9F8C2}.Debug|x86.Build.0 = Debug|Any CPU
		{7A4541B6-DD68-449D-9614-A124BAB9F8C2}.Release|Any CPU.ActiveCfg = Release|Any CPU
		{7A4541B6-DD68-449D-9614-A124BAB9F8C2}.Release|Any CPU.Build.0 = Release|Any CPU
		{7A4541B6-DD68-449D-9614-A124BAB9F8C2}.Release|x64.ActiveCfg = Release|Any CPU
		{7A4541B6-DD68-449D-9614-A124BAB9F8C2}.Release|x64.Build.0 = Release|Any CPU
		{7A4541B6-DD68-449D-9614-A124BAB9F8C2}.Release|x86.ActiveCfg = Release|Any CPU
		{7A4541B6-DD68-449D-9614-A124BAB9F8C2}.Release|x86.Build.0 = Release|Any CPU
		{8B673815-18B4-4E4A-9F53-A642FAF02836}.Debug|Any CPU.ActiveCfg = Debug|Any CPU
		{8B673815-18B4-4E4A-9F53-A642FAF02836}.Debug|Any CPU.Build.0 = Debug|Any CPU
		{8B673815-18B4-4E4A-9F53-A642FAF02836}.Debug|x64.ActiveCfg = Debug|Any CPU
		{8B673815-18B4-4E4A-9F53-A642FAF02836}.Debug|x64.Build.0 = Debug|Any CPU
		{8B673815-18B4-4E4A-9F53-A642FAF02836}.Debug|x86.ActiveCfg = Debug|Any CPU
		{8B673815-18B4-4E4A-9F53-A642FAF02836}.Debug|x86.Build.0 = Debug|Any CPU
		{8B673815-18B4-4E4A-9F53-A642FAF02836}.Release|Any CPU.ActiveCfg = Release|Any CPU
		{8B673815-18B4-4E4A-9F53-A642FAF02836}.Release|Any CPU.Build.0 = Release|Any CPU
		{8B673815-18B4-4E4A-9F53-A642FAF02836}.Release|x64.ActiveCfg = Release|Any CPU
		{8B673815-18B4-4E4A-9F53-A642FAF02836}.Release|x64.Build.0 = Release|Any CPU
		{8B673815-18B4-4E4A-9F53-A642FAF02836}.Release|x86.ActiveCfg = Release|Any CPU
		{8B673815-18B4-4E4A-9F53-A642FAF02836}.Release|x86.Build.0 = Release|Any CPU
		{733A0CDC-1289-4BF0-A7B2-83993DA5D297}.Debug|Any CPU.ActiveCfg = Debug|Any CPU
		{733A0CDC-1289-4BF0-A7B2-83993DA5D297}.Debug|Any CPU.Build.0 = Debug|Any CPU
		{733A0CDC-1289-4BF0-A7B2-83993DA5D297}.Debug|x64.ActiveCfg = Debug|Any CPU
		{733A0CDC-1289-4BF0-A7B2-83993DA5D297}.Debug|x64.Build.0 = Debug|Any CPU
		{733A0CDC-1289-4BF0-A7B2-83993DA5D297}.Debug|x86.ActiveCfg = Debug|Any CPU
		{733A0CDC-1289-4BF0-A7B2-83993DA5D297}.Debug|x86.Build.0 = Debug|Any CPU
		{733A0CDC-1289-4BF0-A7B2-83993DA5D297}.Release|Any CPU.ActiveCfg = Release|Any CPU
		{733A0CDC-1289-4BF0-A7B2-83993DA5D297}.Release|Any CPU.Build.0 = Release|Any CPU
		{733A0CDC-1289-4BF0-A7B2-83993DA5D297}.Release|x64.ActiveCfg = Release|Any CPU
		{733A0CDC-1289-4BF0-A7B2-83993DA5D297}.Release|x64.Build.0 = Release|Any CPU
		{733A0CDC-1289-4BF0-A7B2-83993DA5D297}.Release|x86.ActiveCfg = Release|Any CPU
		{733A0CDC-1289-4BF0-A7B2-83993DA5D297}.Release|x86.Build.0 = Release|Any CPU
		{D130483F-6858-401E-ABD4-58CCC0159617}.Debug|Any CPU.ActiveCfg = Debug|Any CPU
		{D130483F-6858-401E-ABD4-58CCC0159617}.Debug|Any CPU.Build.0 = Debug|Any CPU
		{D130483F-6858-401E-ABD4-58CCC0159617}.Debug|x64.ActiveCfg = Debug|Any CPU
		{D130483F-6858-401E-ABD4-58CCC0159617}.Debug|x64.Build.0 = Debug|Any CPU
		{D130483F-6858-401E-ABD4-58CCC0159617}.Debug|x86.ActiveCfg = Debug|Any CPU
		{D130483F-6858-401E-ABD4-58CCC0159617}.Debug|x86.Build.0 = Debug|Any CPU
		{D130483F-6858-401E-ABD4-58CCC0159617}.Release|Any CPU.ActiveCfg = Release|Any CPU
		{D130483F-6858-401E-ABD4-58CCC0159617}.Release|Any CPU.Build.0 = Release|Any CPU
		{D130483F-6858-401E-ABD4-58CCC0159617}.Release|x64.ActiveCfg = Release|Any CPU
		{D130483F-6858-401E-ABD4-58CCC0159617}.Release|x64.Build.0 = Release|Any CPU
		{D130483F-6858-401E-ABD4-58CCC0159617}.Release|x86.ActiveCfg = Release|Any CPU
		{D130483F-6858-401E-ABD4-58CCC0159617}.Release|x86.Build.0 = Release|Any CPU
	EndGlobalSection
	GlobalSection(NestedProjects) = preSolution
		{4ADFCA01-32A1-40D3-A8DF-3C2A8ED5ECB5} = {DCDC6796-13D0-4179-A020-2974B71B9836}
		{1A2E9916-1AC7-4E69-9F80-5FFBCB646260} = {4ADFCA01-32A1-40D3-A8DF-3C2A8ED5ECB5}
		{7B95D128-7A86-4AA1-BF71-31796813A2AF} = {7B9903E6-BB37-49E9-855E-0D86971961EE}
		{A89B0C18-3CAE-4AE6-A419-8FE575833D98} = {7B95D128-7A86-4AA1-BF71-31796813A2AF}
		{04E1593E-380E-4C33-827A-6FF5CB53DE78} = {FF2CF77B-059C-485F-A570-29C2D08E2A73}
		{5D556D4B-988B-48CD-8BF9-A40CA9D08B53} = {04E1593E-380E-4C33-827A-6FF5CB53DE78}
		{E22B9E57-C4C8-424B-BDB7-5036EB03778D} = {EC25999C-0238-4291-A2B1-5639F916E0ED}
		{1C13F4D7-E3F1-450F-8C8B-8C335E079DFA} = {E22B9E57-C4C8-424B-BDB7-5036EB03778D}
		{D80376E1-6E15-4473-82A6-3CB2277A0A06} = {D86F29E2-3D98-40B8-9CB2-9E1FB74C681E}
		{5D61FCF4-38EA-4A87-9ED0-3364B8C46A82} = {D80376E1-6E15-4473-82A6-3CB2277A0A06}
		{60C34A1A-45C9-4C82-AA62-E5D94E07F1FE} = {48B6BE1C-E317-4E08-8C02-0129BFBFF031}
		{7A4541B6-DD68-449D-9614-A124BAB9F8C2} = {60C34A1A-45C9-4C82-AA62-E5D94E07F1FE}
		{FEC3D552-130F-4BF3-90BD-3350B78E50C6} = {12549AE8-B10F-4959-8972-2748D4879E6C}
		{8B673815-18B4-4E4A-9F53-A642FAF02836} = {FEC3D552-130F-4BF3-90BD-3350B78E50C6}
		{D40CF09E-CB22-4424-A585-16BBEF2BE0D7} = {0136F8F8-65E2-477E-8F4D-94510DCDFD26}
		{733A0CDC-1289-4BF0-A7B2-83993DA5D297} = {D40CF09E-CB22-4424-A585-16BBEF2BE0D7}
		{45D07E59-F3AB-49B0-8831-63C8AFFFC4F9} = {A62D5150-834E-4B25-879B-08214406748E}
		{D130483F-6858-401E-ABD4-58CCC0159617} = {45D07E59-F3AB-49B0-8831-63C8AFFFC4F9}
	EndGlobalSection
EndGlobal
